
Microsoft Visual Studio Solution File, Format Version 12.00
# Visual Studio Version 16
VisualStudioVersion = 16.0.31702.278
MinimumVisualStudioVersion = 10.0.40219.1
Project("{9A19103F-16F7-4668-BE54-9A1E7A4F7556}") = "AreaOfCircle", "AreaOfCircle\AreaOfCircle.csproj", "{A34C72AD-E0FA-4FA5-B48A-1FD3CA5C59C5}"
EndProject
Global
	GlobalSection(SolutionConfigurationPlatforms) = preSolution
		Debug|Any CPU = Debug|Any CPU
		Release|Any CPU = Release|Any CPU
	EndGlobalSection
	GlobalSection(ProjectConfigurationPlatforms) = postSolution
		{A34C72AD-E0FA-4FA5-B48A-1FD3CA5C59C5}.Debug|Any CPU.ActiveCfg = Debug|Any CPU
		{A34C72AD-E0FA-4FA5-B48A-1FD3CA5C59C5}.Debug|Any CPU.Build.0 = Debug|Any CPU
		{A34C72AD-E0FA-4FA5-B48A-1FD3CA5C59C5}.Release|Any CPU.ActiveCfg = Release|Any CPU
		{A34C72AD-E0FA-4FA5-B48A-1FD3CA5C59C5}.Release|Any CPU.Build.0 = Release|Any CPU
	EndGlobalSection
	GlobalSection(SolutionProperties) = preSolution
		HideSolutionNode = FALSE
	EndGlobalSection
	GlobalSection(ExtensibilityGlobals) = postSolution
		SolutionGuid = {5F7AE900-D04C-4124-A9BD-384B2427F320}
	EndGlobalSection
EndGlobal
